
Microsoft Visual Studio Solution File, Format Version 12.00
# Visual Studio 15
VisualStudioVersion = 15.0.28307.1145
MinimumVisualStudioVersion = 10.0.40219.1
Project("{FAE04EC0-301F-11D3-BF4B-00C04F79EFBC}") = "Face3", "Face3\Face3.csproj", "{694BD34C-7A39-4F49-AA6F-96E6A32F1117}"
EndProject
Global
	GlobalSection(SolutionConfigurationPlatforms) = preSolution
		Debug|Any CPU = Debug|Any CPU
		Release|Any CPU = Release|Any CPU
	EndGlobalSection
	GlobalSection(ProjectConfigurationPlatforms) = postSolution
		{694BD34C-7A39-4F49-AA6F-96E6A32F1117}.Debug|Any CPU.ActiveCfg = Debug|Any CPU
		{694BD34C-7A39-4F49-AA6F-96E6A32F1117}.Debug|Any CPU.Build.0 = Debug|Any CPU
		{694BD34C-7A39-4F49-AA6F-96E6A32F1117}.Release|Any CPU.ActiveCfg = Release|Any CPU
		{694BD34C-7A39-4F49-AA6F-96E6A32F1117}.Release|Any CPU.Build.0 = Release|Any CPU
	EndGlobalSection
	GlobalSection(SolutionProperties) = preSolution
		HideSolutionNode = FALSE
	EndGlobalSection
	GlobalSection(ExtensibilityGlobals) = postSolution
		SolutionGuid = {EB16D59D-856C-4A36-AD6C-CCC3D6F970C3}
	EndGlobalSection
EndGlobal
